// !$*UTF8*$!
{
	archiveVersion = 1;
	classes = {
	};
	objectVersion = 55;
	objects = {

/* Begin PBXBuildFile section */
		174E5E27272AED5900BD1760 /* AskQuestionTagsAndPhotosViewController.swift in Sources */ = {isa = PBXBuildFile; fileRef = 174E5E26272AED5900BD1760 /* AskQuestionTagsAndPhotosViewController.swift */; };
		174F154A272C717900F20397 /* AskAQuestionTagsCollectionViewCell.swift in Sources */ = {isa = PBXBuildFile; fileRef = 174F1549272C717900F20397 /* AskAQuestionTagsCollectionViewCell.swift */; };
		174F154C272CA13900F20397 /* AskAQuestionAdditionalPhotoCollectionViewCell.swift in Sources */ = {isa = PBXBuildFile; fileRef = 174F154B272CA13900F20397 /* AskAQuestionAdditionalPhotoCollectionViewCell.swift */; };
		174F154E272CC2E600F20397 /* AskAQuestionAdditionalPhotoSelectedPhotoCollectionViewCell.swift in Sources */ = {isa = PBXBuildFile; fileRef = 174F154D272CC2E600F20397 /* AskAQuestionAdditionalPhotoSelectedPhotoCollectionViewCell.swift */; };
		1750730627396E7400ADD9F0 /* PersistenceManager.swift in Sources */ = {isa = PBXBuildFile; fileRef = 1750730527396E7400ADD9F0 /* PersistenceManager.swift */; };
		1750C389272EDA4800DD8E0A /* PreviewQuestionCollectionViewController.swift in Sources */ = {isa = PBXBuildFile; fileRef = 1750C388272EDA4800DD8E0A /* PreviewQuestionCollectionViewController.swift */; };
		1750C38B272EDBD700DD8E0A /* PreviewQuestionCellType.swift in Sources */ = {isa = PBXBuildFile; fileRef = 1750C38A272EDBD700DD8E0A /* PreviewQuestionCellType.swift */; };
		1750C38E272EDDC500DD8E0A /* PreviewQuestionTitleCollectionViewCell.swift in Sources */ = {isa = PBXBuildFile; fileRef = 1750C38D272EDDC500DD8E0A /* PreviewQuestionTitleCollectionViewCell.swift */; };
		1750C391272EDF4B00DD8E0A /* PreviewQuestionTitleViewModel.swift in Sources */ = {isa = PBXBuildFile; fileRef = 1750C390272EDF4B00DD8E0A /* PreviewQuestionTitleViewModel.swift */; };
		1750C393272EE04200DD8E0A /* PreviewQuestionTagsViewModel.swift in Sources */ = {isa = PBXBuildFile; fileRef = 1750C392272EE04200DD8E0A /* PreviewQuestionTagsViewModel.swift */; };
		1750C395272EE07F00DD8E0A /* PreviewQuestionMetaViewModel.swift in Sources */ = {isa = PBXBuildFile; fileRef = 1750C394272EE07F00DD8E0A /* PreviewQuestionMetaViewModel.swift */; };
		1750C397272EE0B200DD8E0A /* PreviewQuestionQuestionBodyViewModel.swift in Sources */ = {isa = PBXBuildFile; fileRef = 1750C396272EE0B200DD8E0A /* PreviewQuestionQuestionBodyViewModel.swift */; };
		1750C399272EE0F300DD8E0A /* PreviewQuestionBackgroundViewModel.swift in Sources */ = {isa = PBXBuildFile; fileRef = 1750C398272EE0F300DD8E0A /* PreviewQuestionBackgroundViewModel.swift */; };
		1750C39B272EE18500DD8E0A /* PreviewQuestionPosterInfoViewModel.swift in Sources */ = {isa = PBXBuildFile; fileRef = 1750C39A272EE18500DD8E0A /* PreviewQuestionPosterInfoViewModel.swift */; };
		1750C39D272EE25C00DD8E0A /* PreviewQuestionPhotosViewModel.swift in Sources */ = {isa = PBXBuildFile; fileRef = 1750C39C272EE25C00DD8E0A /* PreviewQuestionPhotosViewModel.swift */; };
		1750C39F272EE33200DD8E0A /* PreviewQuestionTagsCollectionViewCell.swift in Sources */ = {isa = PBXBuildFile; fileRef = 1750C39E272EE33200DD8E0A /* PreviewQuestionTagsCollectionViewCell.swift */; };
		1750C3A1272EE37200DD8E0A /* PreviewQuestionMetaCollectionViewCell.swift in Sources */ = {isa = PBXBuildFile; fileRef = 1750C3A0272EE37200DD8E0A /* PreviewQuestionMetaCollectionViewCell.swift */; };
		1750C3A3272EE3A000DD8E0A /* PreviewQuestionQuesitonBodyCollectionViewCell.swift in Sources */ = {isa = PBXBuildFile; fileRef = 1750C3A2272EE3A000DD8E0A /* PreviewQuestionQuesitonBodyCollectionViewCell.swift */; };
		1750C3A5272EE3D000DD8E0A /* PreviewQuesitonBackgroundCollectionViewCell.swift in Sources */ = {isa = PBXBuildFile; fileRef = 1750C3A4272EE3D000DD8E0A /* PreviewQuesitonBackgroundCollectionViewCell.swift */; };
		1750C3A7272EE40200DD8E0A /* PreviewQuestionPhotosCollectionViewCell.swift in Sources */ = {isa = PBXBuildFile; fileRef = 1750C3A6272EE40200DD8E0A /* PreviewQuestionPhotosCollectionViewCell.swift */; };
		1750C3A9272EE43400DD8E0A /* PreviewQuestionPosterInfoCollectionViewCell.swift in Sources */ = {isa = PBXBuildFile; fileRef = 1750C3A8272EE43400DD8E0A /* PreviewQuestionPosterInfoCollectionViewCell.swift */; };
		1751B82B272031D3002E060C /* GlobalFeedController.swift in Sources */ = {isa = PBXBuildFile; fileRef = 1751B82A272031D3002E060C /* GlobalFeedController.swift */; };
		175363E2272DA2020082509D /* Tags.swift in Sources */ = {isa = PBXBuildFile; fileRef = 175363E1272DA2020082509D /* Tags.swift */; };
		1753AC2E271EFEB400E49DD0 /* UserManager.swift in Sources */ = {isa = PBXBuildFile; fileRef = 1753AC2D271EFEB400E49DD0 /* UserManager.swift */; };
		1753AC31271F05C500E49DD0 /* UsernamePickerViewController.swift in Sources */ = {isa = PBXBuildFile; fileRef = 1753AC30271F05C500E49DD0 /* UsernamePickerViewController.swift */; };
		1753AC33271F0D8400E49DD0 /* LogoImageView.swift in Sources */ = {isa = PBXBuildFile; fileRef = 1753AC32271F0D8300E49DD0 /* LogoImageView.swift */; };
		1754A4C6272363F300155EEC /* HeartSectionSeperatorCollectionViewCell.swift in Sources */ = {isa = PBXBuildFile; fileRef = 1754A4C5272363F300155EEC /* HeartSectionSeperatorCollectionViewCell.swift */; };
		17550F3B2726460500E5296A /* ImageAndTitleTableViewCell.swift in Sources */ = {isa = PBXBuildFile; fileRef = 17550F3A2726460500E5296A /* ImageAndTitleTableViewCell.swift */; };
		17556234272716EC0043C52D /* AddAQuestionCellType.swift in Sources */ = {isa = PBXBuildFile; fileRef = 17556233272716EC0043C52D /* AddAQuestionCellType.swift */; };
		17556237272717780043C52D /* ImageAndTitleTableViewCellViewModel.swift in Sources */ = {isa = PBXBuildFile; fileRef = 17556236272717780043C52D /* ImageAndTitleTableViewCellViewModel.swift */; };
		1755623B272717EB0043C52D /* QuestionTableViewCellViewModel.swift in Sources */ = {isa = PBXBuildFile; fileRef = 1755623A272717EB0043C52D /* QuestionTableViewCellViewModel.swift */; };
		1755623D272718770043C52D /* SituationOrBackgroundTableViewCellViewModel.swift in Sources */ = {isa = PBXBuildFile; fileRef = 1755623C272718770043C52D /* SituationOrBackgroundTableViewCellViewModel.swift */; };
		1755623F2727189B0043C52D /* TagsAndImagesTableViewCellViewModel.swift in Sources */ = {isa = PBXBuildFile; fileRef = 1755623E2727189B0043C52D /* TagsAndImagesTableViewCellViewModel.swift */; };
		1755624127271BBB0043C52D /* QuestionTableViewCell.swift in Sources */ = {isa = PBXBuildFile; fileRef = 1755624027271BBB0043C52D /* QuestionTableViewCell.swift */; };
		1755624327271C280043C52D /* SituationOrBackgroundTableViewCell.swift in Sources */ = {isa = PBXBuildFile; fileRef = 1755624227271C280043C52D /* SituationOrBackgroundTableViewCell.swift */; };
		1755624527271C4D0043C52D /* TagsAndImagesTableViewCell.swift in Sources */ = {isa = PBXBuildFile; fileRef = 1755624427271C4D0043C52D /* TagsAndImagesTableViewCell.swift */; };
		1755624727272F150043C52D /* AskQuestionSetImageAndTitleViewController.swift in Sources */ = {isa = PBXBuildFile; fileRef = 1755624627272F150043C52D /* AskQuestionSetImageAndTitleViewController.swift */; };
		1755624927276ACE0043C52D /* PublicQuestionToAdd.swift in Sources */ = {isa = PBXBuildFile; fileRef = 1755624827276ACE0043C52D /* PublicQuestionToAdd.swift */; };
		175BF08E27206EC50054C5CB /* MetaCollectionViewCell.swift in Sources */ = {isa = PBXBuildFile; fileRef = 175BF08D27206EC50054C5CB /* MetaCollectionViewCell.swift */; };
		175BF09027206F0E0054C5CB /* QuestionBodyCollectionViewCell.swift in Sources */ = {isa = PBXBuildFile; fileRef = 175BF08F27206F0E0054C5CB /* QuestionBodyCollectionViewCell.swift */; };
		175BF09227206F280054C5CB /* PosterAndActionsCollectionViewCell.swift in Sources */ = {isa = PBXBuildFile; fileRef = 175BF09127206F280054C5CB /* PosterAndActionsCollectionViewCell.swift */; };
		175CB3A3272824F5001412CC /* AskQuestionCreateQuestionViewController.swift in Sources */ = {isa = PBXBuildFile; fileRef = 175CB3A2272824F5001412CC /* AskQuestionCreateQuestionViewController.swift */; };
		175CB3A527285826001412CC /* AskQuestionSituationOrBackgroundViewController.swift in Sources */ = {isa = PBXBuildFile; fileRef = 175CB3A427285826001412CC /* AskQuestionSituationOrBackgroundViewController.swift */; };
		175DC21D27217ECD00331FE7 /* MetaLabel.swift in Sources */ = {isa = PBXBuildFile; fileRef = 175DC21C27217ECD00331FE7 /* MetaLabel.swift */; };
		175EDB5927389D990055B985 /* TagButton.swift in Sources */ = {isa = PBXBuildFile; fileRef = 175EDB5827389D990055B985 /* TagButton.swift */; };
		175EE33B271CA46900C0AD02 /* HomeViewController.swift in Sources */ = {isa = PBXBuildFile; fileRef = 175EE33A271CA46900C0AD02 /* HomeViewController.swift */; };
		175EE33E271CB15400C0AD02 /* SearchResultsViewController.swift in Sources */ = {isa = PBXBuildFile; fileRef = 175EE33D271CB15400C0AD02 /* SearchResultsViewController.swift */; };
		175EE341271CC27800C0AD02 /* TitleCollectionViewCellViewModel.swift in Sources */ = {isa = PBXBuildFile; fileRef = 175EE340271CC27800C0AD02 /* TitleCollectionViewCellViewModel.swift */; };
		175EE343271CC31E00C0AD02 /* MetaCollectionViewCellViewModel.swift in Sources */ = {isa = PBXBuildFile; fileRef = 175EE342271CC31E00C0AD02 /* MetaCollectionViewCellViewModel.swift */; };
		175EE345271CC36500C0AD02 /* PostCollectionViewCellViewModel.swift in Sources */ = {isa = PBXBuildFile; fileRef = 175EE344271CC36500C0AD02 /* PostCollectionViewCellViewModel.swift */; };
		175EE347271CC3D200C0AD02 /* ActionsCollectionViewCellViewModel.swift in Sources */ = {isa = PBXBuildFile; fileRef = 175EE346271CC3D200C0AD02 /* ActionsCollectionViewCellViewModel.swift */; };
		175EE349271CC5E200C0AD02 /* PublicQuestionHomeFeedCellType.swift in Sources */ = {isa = PBXBuildFile; fileRef = 175EE348271CC5E200C0AD02 /* PublicQuestionHomeFeedCellType.swift */; };
		175EE34B271CC69300C0AD02 /* TitleCollectionViewCell.swift in Sources */ = {isa = PBXBuildFile; fileRef = 175EE34A271CC69300C0AD02 /* TitleCollectionViewCell.swift */; };
		175EE34D271CD79F00C0AD02 /* GoogleService-Info.plist in Resources */ = {isa = PBXBuildFile; fileRef = 175EE34C271CD79F00C0AD02 /* GoogleService-Info.plist */; };
		175EE34F271CDB5400C0AD02 /* SignInViewController.swift in Sources */ = {isa = PBXBuildFile; fileRef = 175EE34E271CDB5400C0AD02 /* SignInViewController.swift */; };
		175EE351271CDC0000C0AD02 /* AuthField.swift in Sources */ = {isa = PBXBuildFile; fileRef = 175EE350271CDC0000C0AD02 /* AuthField.swift */; };
		175EE353271CDC0C00C0AD02 /* AuthButton.swift in Sources */ = {isa = PBXBuildFile; fileRef = 175EE352271CDC0C00C0AD02 /* AuthButton.swift */; };
		175EE355271CDD2A00C0AD02 /* SignUpViewController.swift in Sources */ = {isa = PBXBuildFile; fileRef = 175EE354271CDD2A00C0AD02 /* SignUpViewController.swift */; };
		175EE357271CF02F00C0AD02 /* User.swift in Sources */ = {isa = PBXBuildFile; fileRef = 175EE356271CF02F00C0AD02 /* User.swift */; };
		175EE359271CF3F400C0AD02 /* AnalyticsManager.swift in Sources */ = {isa = PBXBuildFile; fileRef = 175EE358271CF3F400C0AD02 /* AnalyticsManager.swift */; };
		175EE35B271CFCEE00C0AD02 /* AuthCredentials.swift in Sources */ = {isa = PBXBuildFile; fileRef = 175EE35A271CFCEE00C0AD02 /* AuthCredentials.swift */; };
		175EE363271D0CEC00C0AD02 /* janet_talksTests.swift in Sources */ = {isa = PBXBuildFile; fileRef = 175EE362271D0CEC00C0AD02 /* janet_talksTests.swift */; };
		17604052270A494300826315 /* AppDelegate.swift in Sources */ = {isa = PBXBuildFile; fileRef = 17604051270A494300826315 /* AppDelegate.swift */; };
		17604054270A494300826315 /* SceneDelegate.swift in Sources */ = {isa = PBXBuildFile; fileRef = 17604053270A494300826315 /* SceneDelegate.swift */; };
		17604056270A494300826315 /* NotificationFeedTableViewController.swift in Sources */ = {isa = PBXBuildFile; fileRef = 17604055270A494300826315 /* NotificationFeedTableViewController.swift */; };
		1760405B270A494700826315 /* Assets.xcassets in Resources */ = {isa = PBXBuildFile; fileRef = 1760405A270A494700826315 /* Assets.xcassets */; };
		1760405E270A494700826315 /* LaunchScreen.storyboard in Resources */ = {isa = PBXBuildFile; fileRef = 1760405C270A494700826315 /* LaunchScreen.storyboard */; };
		17604067270A591A00826315 /* Extensions.swift in Sources */ = {isa = PBXBuildFile; fileRef = 17604066270A591A00826315 /* Extensions.swift */; };
		1760406E270A8FD600826315 /* Const.swift in Sources */ = {isa = PBXBuildFile; fileRef = 1760406D270A8FD600826315 /* Const.swift */; };
		176726552730921F009AC0EA /* PreviewSectionType.swift in Sources */ = {isa = PBXBuildFile; fileRef = 176726542730921F009AC0EA /* PreviewSectionType.swift */; };
		176726572730929F009AC0EA /* PreviewSection.swift in Sources */ = {isa = PBXBuildFile; fileRef = 176726562730929F009AC0EA /* PreviewSection.swift */; };
		176756AE270DCC6D000BF8A6 /* PrivateChatTableViewCell.swift in Sources */ = {isa = PBXBuildFile; fileRef = 176756AD270DCC6D000BF8A6 /* PrivateChatTableViewCell.swift */; };
		176756B1270DDE58000BF8A6 /* PublicQuestionTableViewController.swift in Sources */ = {isa = PBXBuildFile; fileRef = 176756B0270DDE58000BF8A6 /* PublicQuestionTableViewController.swift */; };
		176868B6270B2FE900532476 /* AskAQuestionViewController.swift in Sources */ = {isa = PBXBuildFile; fileRef = 176868B5270B2FE900532476 /* AskAQuestionViewController.swift */; };
		176868B9270B444600532476 /* SystemIconButton.swift in Sources */ = {isa = PBXBuildFile; fileRef = 176868B8270B444600532476 /* SystemIconButton.swift */; };
		176868BB270B51B500532476 /* TextInputWithTitle.swift in Sources */ = {isa = PBXBuildFile; fileRef = 176868BA270B51B500532476 /* TextInputWithTitle.swift */; };
		176868BD270B594900532476 /* PublicQuestionOrPrivateChat.swift in Sources */ = {isa = PBXBuildFile; fileRef = 176868BC270B594900532476 /* PublicQuestionOrPrivateChat.swift */; };
		176868C1270B8D3300532476 /* ExploreFeedViewController.swift in Sources */ = {isa = PBXBuildFile; fileRef = 176868C0270B8D3300532476 /* ExploreFeedViewController.swift */; };
		176868C3270B8D7900532476 /* ProfileViewController.swift in Sources */ = {isa = PBXBuildFile; fileRef = 176868C2270B8D7900532476 /* ProfileViewController.swift */; };
		176868CB270C695700532476 /* TabBarController.swift in Sources */ = {isa = PBXBuildFile; fileRef = 176868CA270C695700532476 /* TabBarController.swift */; };
		176868D0270C763D00532476 /* ExploreManager.swift in Sources */ = {isa = PBXBuildFile; fileRef = 176868CF270C763D00532476 /* ExploreManager.swift */; };
		176868D2270C765400532476 /* HomeFeedManager.swift in Sources */ = {isa = PBXBuildFile; fileRef = 176868D1270C765400532476 /* HomeFeedManager.swift */; };
		176868D4270C766C00532476 /* StorageManager.swift in Sources */ = {isa = PBXBuildFile; fileRef = 176868D3270C766C00532476 /* StorageManager.swift */; };
		176868D6270C767A00532476 /* HapticsManager.swift in Sources */ = {isa = PBXBuildFile; fileRef = 176868D5270C767A00532476 /* HapticsManager.swift */; };
		176868D8270C768E00532476 /* AuthenticationManager.swift in Sources */ = {isa = PBXBuildFile; fileRef = 176868D7270C768E00532476 /* AuthenticationManager.swift */; };
		176868DA270C769C00532476 /* DatabaseManager.swift in Sources */ = {isa = PBXBuildFile; fileRef = 176868D9270C769C00532476 /* DatabaseManager.swift */; };
		176868E2270C915900532476 /* HomeFeedType.swift in Sources */ = {isa = PBXBuildFile; fileRef = 176868E1270C915900532476 /* HomeFeedType.swift */; };
		176868E4270C91EB00532476 /* HomeFeedCell.swift in Sources */ = {isa = PBXBuildFile; fileRef = 176868E3270C91EB00532476 /* HomeFeedCell.swift */; };
		176868E8270C92B400532476 /* PublicQuestionHomeFeedCellViewModel.swift in Sources */ = {isa = PBXBuildFile; fileRef = 176868E7270C92B400532476 /* PublicQuestionHomeFeedCellViewModel.swift */; };
		176868EA270C92CD00532476 /* PrivateChatHomeFeedCellViewModel.swift in Sources */ = {isa = PBXBuildFile; fileRef = 176868E9270C92CD00532476 /* PrivateChatHomeFeedCellViewModel.swift */; };
		176868EE270CCECE00532476 /* MyQuestionsTableViewCell.swift in Sources */ = {isa = PBXBuildFile; fileRef = 176868ED270CCECE00532476 /* MyQuestionsTableViewCell.swift */; };
		176868F0270D0C7E00532476 /* PrivateChatQuestion.swift in Sources */ = {isa = PBXBuildFile; fileRef = 176868EF270D0C7E00532476 /* PrivateChatQuestion.swift */; };
		176868F2270D0C8C00532476 /* PublicQuestion.swift in Sources */ = {isa = PBXBuildFile; fileRef = 176868F1270D0C8C00532476 /* PublicQuestion.swift */; };
		DC86C717CD372298DA55EBFD /* libPods-janet.talks-janet.talksTests.a in Frameworks */ = {isa = PBXBuildFile; fileRef = B5B207B7C46F1A9038349752 /* libPods-janet.talks-janet.talksTests.a */; };
		DE2C79F5CD7538DBF90FD13C /* libPods-janet.talks.a in Frameworks */ = {isa = PBXBuildFile; fileRef = 75B937D5313715664D1C79BE /* libPods-janet.talks.a */; };
/* End PBXBuildFile section */

/* Begin PBXContainerItemProxy section */
		175EE364271D0CEC00C0AD02 /* PBXContainerItemProxy */ = {
			isa = PBXContainerItemProxy;
			containerPortal = 17604046270A494300826315 /* Project object */;
			proxyType = 1;
			remoteGlobalIDString = 1760404D270A494300826315;
			remoteInfo = janet.talks;
		};
/* End PBXContainerItemProxy section */

/* Begin PBXFileReference section */
		0F97FE106B177C490622B9F8 /* Pods-janet.talks.release.xcconfig */ = {isa = PBXFileReference; includeInIndex = 1; lastKnownFileType = text.xcconfig; name = "Pods-janet.talks.release.xcconfig"; path = "Target Support Files/Pods-janet.talks/Pods-janet.talks.release.xcconfig"; sourceTree = "<group>"; };
		174E5E26272AED5900BD1760 /* AskQuestionTagsAndPhotosViewController.swift */ = {isa = PBXFileReference; lastKnownFileType = sourcecode.swift; path = AskQuestionTagsAndPhotosViewController.swift; sourceTree = "<group>"; };
		174F1549272C717900F20397 /* AskAQuestionTagsCollectionViewCell.swift */ = {isa = PBXFileReference; lastKnownFileType = sourcecode.swift; path = AskAQuestionTagsCollectionViewCell.swift; sourceTree = "<group>"; };
		174F154B272CA13900F20397 /* AskAQuestionAdditionalPhotoCollectionViewCell.swift */ = {isa = PBXFileReference; lastKnownFileType = sourcecode.swift; path = AskAQuestionAdditionalPhotoCollectionViewCell.swift; sourceTree = "<group>"; };
		174F154D272CC2E600F20397 /* AskAQuestionAdditionalPhotoSelectedPhotoCollectionViewCell.swift */ = {isa = PBXFileReference; lastKnownFileType = sourcecode.swift; path = AskAQuestionAdditionalPhotoSelectedPhotoCollectionViewCell.swift; sourceTree = "<group>"; };
		1750730527396E7400ADD9F0 /* PersistenceManager.swift */ = {isa = PBXFileReference; lastKnownFileType = sourcecode.swift; path = PersistenceManager.swift; sourceTree = "<group>"; };
		1750C388272EDA4800DD8E0A /* PreviewQuestionCollectionViewController.swift */ = {isa = PBXFileReference; lastKnownFileType = sourcecode.swift; path = PreviewQuestionCollectionViewController.swift; sourceTree = "<group>"; };
		1750C38A272EDBD700DD8E0A /* PreviewQuestionCellType.swift */ = {isa = PBXFileReference; lastKnownFileType = sourcecode.swift; path = PreviewQuestionCellType.swift; sourceTree = "<group>"; };
		1750C38D272EDDC500DD8E0A /* PreviewQuestionTitleCollectionViewCell.swift */ = {isa = PBXFileReference; lastKnownFileType = sourcecode.swift; path = PreviewQuestionTitleCollectionViewCell.swift; sourceTree = "<group>"; };
		1750C390272EDF4B00DD8E0A /* PreviewQuestionTitleViewModel.swift */ = {isa = PBXFileReference; lastKnownFileType = sourcecode.swift; path = PreviewQuestionTitleViewModel.swift; sourceTree = "<group>"; };
		1750C392272EE04200DD8E0A /* PreviewQuestionTagsViewModel.swift */ = {isa = PBXFileReference; lastKnownFileType = sourcecode.swift; path = PreviewQuestionTagsViewModel.swift; sourceTree = "<group>"; };
		1750C394272EE07F00DD8E0A /* PreviewQuestionMetaViewModel.swift */ = {isa = PBXFileReference; lastKnownFileType = sourcecode.swift; path = PreviewQuestionMetaViewModel.swift; sourceTree = "<group>"; };
		1750C396272EE0B200DD8E0A /* PreviewQuestionQuestionBodyViewModel.swift */ = {isa = PBXFileReference; lastKnownFileType = sourcecode.swift; path = PreviewQuestionQuestionBodyViewModel.swift; sourceTree = "<group>"; };
		1750C398272EE0F300DD8E0A /* PreviewQuestionBackgroundViewModel.swift */ = {isa = PBXFileReference; lastKnownFileType = sourcecode.swift; path = PreviewQuestionBackgroundViewModel.swift; sourceTree = "<group>"; };
		1750C39A272EE18500DD8E0A /* PreviewQuestionPosterInfoViewModel.swift */ = {isa = PBXFileReference; lastKnownFileType = sourcecode.swift; path = PreviewQuestionPosterInfoViewModel.swift; sourceTree = "<group>"; };
		1750C39C272EE25C00DD8E0A /* PreviewQuestionPhotosViewModel.swift */ = {isa = PBXFileReference; lastKnownFileType = sourcecode.swift; path = PreviewQuestionPhotosViewModel.swift; sourceTree = "<group>"; };
		1750C39E272EE33200DD8E0A /* PreviewQuestionTagsCollectionViewCell.swift */ = {isa = PBXFileReference; lastKnownFileType = sourcecode.swift; path = PreviewQuestionTagsCollectionViewCell.swift; sourceTree = "<group>"; };
		1750C3A0272EE37200DD8E0A /* PreviewQuestionMetaCollectionViewCell.swift */ = {isa = PBXFileReference; lastKnownFileType = sourcecode.swift; path = PreviewQuestionMetaCollectionViewCell.swift; sourceTree = "<group>"; };
		1750C3A2272EE3A000DD8E0A /* PreviewQuestionQuesitonBodyCollectionViewCell.swift */ = {isa = PBXFileReference; lastKnownFileType = sourcecode.swift; path = PreviewQuestionQuesitonBodyCollectionViewCell.swift; sourceTree = "<group>"; };
		1750C3A4272EE3D000DD8E0A /* PreviewQuesitonBackgroundCollectionViewCell.swift */ = {isa = PBXFileReference; lastKnownFileType = sourcecode.swift; path = PreviewQuesitonBackgroundCollectionViewCell.swift; sourceTree = "<group>"; };
		1750C3A6272EE40200DD8E0A /* PreviewQuestionPhotosCollectionViewCell.swift */ = {isa = PBXFileReference; lastKnownFileType = sourcecode.swift; path = PreviewQuestionPhotosCollectionViewCell.swift; sourceTree = "<group>"; };
		1750C3A8272EE43400DD8E0A /* PreviewQuestionPosterInfoCollectionViewCell.swift */ = {isa = PBXFileReference; lastKnownFileType = sourcecode.swift; path = PreviewQuestionPosterInfoCollectionViewCell.swift; sourceTree = "<group>"; };
		1751B82A272031D3002E060C /* GlobalFeedController.swift */ = {isa = PBXFileReference; lastKnownFileType = sourcecode.swift; path = GlobalFeedController.swift; sourceTree = "<group>"; };
		175363E1272DA2020082509D /* Tags.swift */ = {isa = PBXFileReference; lastKnownFileType = sourcecode.swift; path = Tags.swift; sourceTree = "<group>"; };
		1753AC2D271EFEB400E49DD0 /* UserManager.swift */ = {isa = PBXFileReference; lastKnownFileType = sourcecode.swift; path = UserManager.swift; sourceTree = "<group>"; };
		1753AC30271F05C500E49DD0 /* UsernamePickerViewController.swift */ = {isa = PBXFileReference; lastKnownFileType = sourcecode.swift; path = UsernamePickerViewController.swift; sourceTree = "<group>"; };
		1753AC32271F0D8300E49DD0 /* LogoImageView.swift */ = {isa = PBXFileReference; lastKnownFileType = sourcecode.swift; path = LogoImageView.swift; sourceTree = "<group>"; };
		1754A4C5272363F300155EEC /* HeartSectionSeperatorCollectionViewCell.swift */ = {isa = PBXFileReference; lastKnownFileType = sourcecode.swift; path = HeartSectionSeperatorCollectionViewCell.swift; sourceTree = "<group>"; };
		17550F3A2726460500E5296A /* ImageAndTitleTableViewCell.swift */ = {isa = PBXFileReference; lastKnownFileType = sourcecode.swift; path = ImageAndTitleTableViewCell.swift; sourceTree = "<group>"; };
		17556233272716EC0043C52D /* AddAQuestionCellType.swift */ = {isa = PBXFileReference; lastKnownFileType = sourcecode.swift; path = AddAQuestionCellType.swift; sourceTree = "<group>"; };
		17556236272717780043C52D /* ImageAndTitleTableViewCellViewModel.swift */ = {isa = PBXFileReference; lastKnownFileType = sourcecode.swift; path = ImageAndTitleTableViewCellViewModel.swift; sourceTree = "<group>"; };
		1755623A272717EB0043C52D /* QuestionTableViewCellViewModel.swift */ = {isa = PBXFileReference; lastKnownFileType = sourcecode.swift; path = QuestionTableViewCellViewModel.swift; sourceTree = "<group>"; };
		1755623C272718770043C52D /* SituationOrBackgroundTableViewCellViewModel.swift */ = {isa = PBXFileReference; lastKnownFileType = sourcecode.swift; path = SituationOrBackgroundTableViewCellViewModel.swift; sourceTree = "<group>"; };
		1755623E2727189B0043C52D /* TagsAndImagesTableViewCellViewModel.swift */ = {isa = PBXFileReference; lastKnownFileType = sourcecode.swift; path = TagsAndImagesTableViewCellViewModel.swift; sourceTree = "<group>"; };
		1755624027271BBB0043C52D /* QuestionTableViewCell.swift */ = {isa = PBXFileReference; lastKnownFileType = sourcecode.swift; path = QuestionTableViewCell.swift; sourceTree = "<group>"; };
		1755624227271C280043C52D /* SituationOrBackgroundTableViewCell.swift */ = {isa = PBXFileReference; lastKnownFileType = sourcecode.swift; path = SituationOrBackgroundTableViewCell.swift; sourceTree = "<group>"; };
		1755624427271C4D0043C52D /* TagsAndImagesTableViewCell.swift */ = {isa = PBXFileReference; lastKnownFileType = sourcecode.swift; path = TagsAndImagesTableViewCell.swift; sourceTree = "<group>"; };
		1755624627272F150043C52D /* AskQuestionSetImageAndTitleViewController.swift */ = {isa = PBXFileReference; lastKnownFileType = sourcecode.swift; path = AskQuestionSetImageAndTitleViewController.swift; sourceTree = "<group>"; };
		1755624827276ACE0043C52D /* PublicQuestionToAdd.swift */ = {isa = PBXFileReference; lastKnownFileType = sourcecode.swift; path = PublicQuestionToAdd.swift; sourceTree = "<group>"; };
		175BF08D27206EC50054C5CB /* MetaCollectionViewCell.swift */ = {isa = PBXFileReference; lastKnownFileType = sourcecode.swift; path = MetaCollectionViewCell.swift; sourceTree = "<group>"; };
		175BF08F27206F0E0054C5CB /* QuestionBodyCollectionViewCell.swift */ = {isa = PBXFileReference; lastKnownFileType = sourcecode.swift; path = QuestionBodyCollectionViewCell.swift; sourceTree = "<group>"; };
		175BF09127206F280054C5CB /* PosterAndActionsCollectionViewCell.swift */ = {isa = PBXFileReference; lastKnownFileType = sourcecode.swift; path = PosterAndActionsCollectionViewCell.swift; sourceTree = "<group>"; };
		175CB3A2272824F5001412CC /* AskQuestionCreateQuestionViewController.swift */ = {isa = PBXFileReference; lastKnownFileType = sourcecode.swift; path = AskQuestionCreateQuestionViewController.swift; sourceTree = "<group>"; };
		175CB3A427285826001412CC /* AskQuestionSituationOrBackgroundViewController.swift */ = {isa = PBXFileReference; lastKnownFileType = sourcecode.swift; path = AskQuestionSituationOrBackgroundViewController.swift; sourceTree = "<group>"; };
		175DC21C27217ECD00331FE7 /* MetaLabel.swift */ = {isa = PBXFileReference; lastKnownFileType = sourcecode.swift; path = MetaLabel.swift; sourceTree = "<group>"; };
		175EDB5827389D990055B985 /* TagButton.swift */ = {isa = PBXFileReference; lastKnownFileType = sourcecode.swift; path = TagButton.swift; sourceTree = "<group>"; };
		175EE33A271CA46900C0AD02 /* HomeViewController.swift */ = {isa = PBXFileReference; lastKnownFileType = sourcecode.swift; path = HomeViewController.swift; sourceTree = "<group>"; };
		175EE33D271CB15400C0AD02 /* SearchResultsViewController.swift */ = {isa = PBXFileReference; lastKnownFileType = sourcecode.swift; path = SearchResultsViewController.swift; sourceTree = "<group>"; };
		175EE340271CC27800C0AD02 /* TitleCollectionViewCellViewModel.swift */ = {isa = PBXFileReference; lastKnownFileType = sourcecode.swift; path = TitleCollectionViewCellViewModel.swift; sourceTree = "<group>"; };
		175EE342271CC31E00C0AD02 /* MetaCollectionViewCellViewModel.swift */ = {isa = PBXFileReference; lastKnownFileType = sourcecode.swift; path = MetaCollectionViewCellViewModel.swift; sourceTree = "<group>"; };
		175EE344271CC36500C0AD02 /* PostCollectionViewCellViewModel.swift */ = {isa = PBXFileReference; lastKnownFileType = sourcecode.swift; path = PostCollectionViewCellViewModel.swift; sourceTree = "<group>"; };
		175EE346271CC3D200C0AD02 /* ActionsCollectionViewCellViewModel.swift */ = {isa = PBXFileReference; lastKnownFileType = sourcecode.swift; path = ActionsCollectionViewCellViewModel.swift; sourceTree = "<group>"; };
		175EE348271CC5E200C0AD02 /* PublicQuestionHomeFeedCellType.swift */ = {isa = PBXFileReference; lastKnownFileType = sourcecode.swift; path = PublicQuestionHomeFeedCellType.swift; sourceTree = "<group>"; };
		175EE34A271CC69300C0AD02 /* TitleCollectionViewCell.swift */ = {isa = PBXFileReference; lastKnownFileType = sourcecode.swift; path = TitleCollectionViewCell.swift; sourceTree = "<group>"; };
		175EE34C271CD79F00C0AD02 /* GoogleService-Info.plist */ = {isa = PBXFileReference; fileEncoding = 4; lastKnownFileType = text.plist.xml; path = "GoogleService-Info.plist"; sourceTree = "<group>"; };
		175EE34E271CDB5400C0AD02 /* SignInViewController.swift */ = {isa = PBXFileReference; lastKnownFileType = sourcecode.swift; path = SignInViewController.swift; sourceTree = "<group>"; };
		175EE350271CDC0000C0AD02 /* AuthField.swift */ = {isa = PBXFileReference; fileEncoding = 4; lastKnownFileType = sourcecode.swift; path = AuthField.swift; sourceTree = "<group>"; };
		175EE352271CDC0C00C0AD02 /* AuthButton.swift */ = {isa = PBXFileReference; fileEncoding = 4; lastKnownFileType = sourcecode.swift; path = AuthButton.swift; sourceTree = "<group>"; };
		175EE354271CDD2A00C0AD02 /* SignUpViewController.swift */ = {isa = PBXFileReference; lastKnownFileType = sourcecode.swift; path = SignUpViewController.swift; sourceTree = "<group>"; };
		175EE356271CF02F00C0AD02 /* User.swift */ = {isa = PBXFileReference; lastKnownFileType = sourcecode.swift; path = User.swift; sourceTree = "<group>"; };
		175EE358271CF3F400C0AD02 /* AnalyticsManager.swift */ = {isa = PBXFileReference; lastKnownFileType = sourcecode.swift; path = AnalyticsManager.swift; sourceTree = "<group>"; };
		175EE35A271CFCEE00C0AD02 /* AuthCredentials.swift */ = {isa = PBXFileReference; lastKnownFileType = sourcecode.swift; path = AuthCredentials.swift; sourceTree = "<group>"; };
		175EE360271D0CEC00C0AD02 /* janet.talksTests.xctest */ = {isa = PBXFileReference; explicitFileType = wrapper.cfbundle; includeInIndex = 0; path = janet.talksTests.xctest; sourceTree = BUILT_PRODUCTS_DIR; };
		175EE362271D0CEC00C0AD02 /* janet_talksTests.swift */ = {isa = PBXFileReference; lastKnownFileType = sourcecode.swift; path = janet_talksTests.swift; sourceTree = "<group>"; };
		1760404E270A494300826315 /* janet.talks.app */ = {isa = PBXFileReference; explicitFileType = wrapper.application; includeInIndex = 0; path = janet.talks.app; sourceTree = BUILT_PRODUCTS_DIR; };
		17604051270A494300826315 /* AppDelegate.swift */ = {isa = PBXFileReference; lastKnownFileType = sourcecode.swift; path = AppDelegate.swift; sourceTree = "<group>"; };
		17604053270A494300826315 /* SceneDelegate.swift */ = {isa = PBXFileReference; lastKnownFileType = sourcecode.swift; path = SceneDelegate.swift; sourceTree = "<group>"; };
		17604055270A494300826315 /* NotificationFeedTableViewController.swift */ = {isa = PBXFileReference; lastKnownFileType = sourcecode.swift; path = NotificationFeedTableViewController.swift; sourceTree = "<group>"; };
		1760405A270A494700826315 /* Assets.xcassets */ = {isa = PBXFileReference; lastKnownFileType = folder.assetcatalog; path = Assets.xcassets; sourceTree = "<group>"; };
		1760405D270A494700826315 /* Base */ = {isa = PBXFileReference; lastKnownFileType = file.storyboard; name = Base; path = Base.lproj/LaunchScreen.storyboard; sourceTree = "<group>"; };
		1760405F270A494700826315 /* Info.plist */ = {isa = PBXFileReference; lastKnownFileType = text.plist.xml; path = Info.plist; sourceTree = "<group>"; };
		17604066270A591A00826315 /* Extensions.swift */ = {isa = PBXFileReference; lastKnownFileType = sourcecode.swift; path = Extensions.swift; sourceTree = "<group>"; };
		1760406D270A8FD600826315 /* Const.swift */ = {isa = PBXFileReference; lastKnownFileType = sourcecode.swift; path = Const.swift; sourceTree = "<group>"; };
		176726542730921F009AC0EA /* PreviewSectionType.swift */ = {isa = PBXFileReference; lastKnownFileType = sourcecode.swift; path = PreviewSectionType.swift; sourceTree = "<group>"; };
		176726562730929F009AC0EA /* PreviewSection.swift */ = {isa = PBXFileReference; lastKnownFileType = sourcecode.swift; path = PreviewSection.swift; sourceTree = "<group>"; };
		176756AD270DCC6D000BF8A6 /* PrivateChatTableViewCell.swift */ = {isa = PBXFileReference; lastKnownFileType = sourcecode.swift; path = PrivateChatTableViewCell.swift; sourceTree = "<group>"; };
		176756B0270DDE58000BF8A6 /* PublicQuestionTableViewController.swift */ = {isa = PBXFileReference; lastKnownFileType = sourcecode.swift; path = PublicQuestionTableViewController.swift; sourceTree = "<group>"; };
		176868B5270B2FE900532476 /* AskAQuestionViewController.swift */ = {isa = PBXFileReference; lastKnownFileType = sourcecode.swift; path = AskAQuestionViewController.swift; sourceTree = "<group>"; };
		176868B8270B444600532476 /* SystemIconButton.swift */ = {isa = PBXFileReference; lastKnownFileType = sourcecode.swift; path = SystemIconButton.swift; sourceTree = "<group>"; };
		176868BA270B51B500532476 /* TextInputWithTitle.swift */ = {isa = PBXFileReference; lastKnownFileType = sourcecode.swift; path = TextInputWithTitle.swift; sourceTree = "<group>"; };
		176868BC270B594900532476 /* PublicQuestionOrPrivateChat.swift */ = {isa = PBXFileReference; lastKnownFileType = sourcecode.swift; path = PublicQuestionOrPrivateChat.swift; sourceTree = "<group>"; };
		176868C0270B8D3300532476 /* ExploreFeedViewController.swift */ = {isa = PBXFileReference; lastKnownFileType = sourcecode.swift; path = ExploreFeedViewController.swift; sourceTree = "<group>"; };
		176868C2270B8D7900532476 /* ProfileViewController.swift */ = {isa = PBXFileReference; lastKnownFileType = sourcecode.swift; path = ProfileViewController.swift; sourceTree = "<group>"; };
		176868CA270C695700532476 /* TabBarController.swift */ = {isa = PBXFileReference; lastKnownFileType = sourcecode.swift; path = TabBarController.swift; sourceTree = "<group>"; };
		176868CF270C763D00532476 /* ExploreManager.swift */ = {isa = PBXFileReference; lastKnownFileType = sourcecode.swift; path = ExploreManager.swift; sourceTree = "<group>"; };
		176868D1270C765400532476 /* HomeFeedManager.swift */ = {isa = PBXFileReference; lastKnownFileType = sourcecode.swift; path = HomeFeedManager.swift; sourceTree = "<group>"; };
		176868D3270C766C00532476 /* StorageManager.swift */ = {isa = PBXFileReference; lastKnownFileType = sourcecode.swift; path = StorageManager.swift; sourceTree = "<group>"; };
		176868D5270C767A00532476 /* HapticsManager.swift */ = {isa = PBXFileReference; lastKnownFileType = sourcecode.swift; path = HapticsManager.swift; sourceTree = "<group>"; };
		176868D7270C768E00532476 /* AuthenticationManager.swift */ = {isa = PBXFileReference; lastKnownFileType = sourcecode.swift; path = AuthenticationManager.swift; sourceTree = "<group>"; };
		176868D9270C769C00532476 /* DatabaseManager.swift */ = {isa = PBXFileReference; lastKnownFileType = sourcecode.swift; path = DatabaseManager.swift; sourceTree = "<group>"; };
		176868E1270C915900532476 /* HomeFeedType.swift */ = {isa = PBXFileReference; lastKnownFileType = sourcecode.swift; path = HomeFeedType.swift; sourceTree = "<group>"; };
		176868E3270C91EB00532476 /* HomeFeedCell.swift */ = {isa = PBXFileReference; lastKnownFileType = sourcecode.swift; path = HomeFeedCell.swift; sourceTree = "<group>"; };
		176868E7270C92B400532476 /* PublicQuestionHomeFeedCellViewModel.swift */ = {isa = PBXFileReference; lastKnownFileType = sourcecode.swift; path = PublicQuestionHomeFeedCellViewModel.swift; sourceTree = "<group>"; };
		176868E9270C92CD00532476 /* PrivateChatHomeFeedCellViewModel.swift */ = {isa = PBXFileReference; lastKnownFileType = sourcecode.swift; path = PrivateChatHomeFeedCellViewModel.swift; sourceTree = "<group>"; };
		176868ED270CCECE00532476 /* MyQuestionsTableViewCell.swift */ = {isa = PBXFileReference; lastKnownFileType = sourcecode.swift; path = MyQuestionsTableViewCell.swift; sourceTree = "<group>"; };
		176868EF270D0C7E00532476 /* PrivateChatQuestion.swift */ = {isa = PBXFileReference; lastKnownFileType = sourcecode.swift; path = PrivateChatQuestion.swift; sourceTree = "<group>"; };
		176868F1270D0C8C00532476 /* PublicQuestion.swift */ = {isa = PBXFileReference; lastKnownFileType = sourcecode.swift; path = PublicQuestion.swift; sourceTree = "<group>"; };
		6CC03B735B340B7E8035CECF /* Pods-janet.talks-janet.talksTests.debug.xcconfig */ = {isa = PBXFileReference; includeInIndex = 1; lastKnownFileType = text.xcconfig; name = "Pods-janet.talks-janet.talksTests.debug.xcconfig"; path = "Target Support Files/Pods-janet.talks-janet.talksTests/Pods-janet.talks-janet.talksTests.debug.xcconfig"; sourceTree = "<group>"; };
		75B937D5313715664D1C79BE /* libPods-janet.talks.a */ = {isa = PBXFileReference; explicitFileType = archive.ar; includeInIndex = 0; path = "libPods-janet.talks.a"; sourceTree = BUILT_PRODUCTS_DIR; };
		B5B207B7C46F1A9038349752 /* libPods-janet.talks-janet.talksTests.a */ = {isa = PBXFileReference; explicitFileType = archive.ar; includeInIndex = 0; path = "libPods-janet.talks-janet.talksTests.a"; sourceTree = BUILT_PRODUCTS_DIR; };
		C4FF010DB11929A0BC1F04C8 /* Pods-janet.talks.debug.xcconfig */ = {isa = PBXFileReference; includeInIndex = 1; lastKnownFileType = text.xcconfig; name = "Pods-janet.talks.debug.xcconfig"; path = "Target Support Files/Pods-janet.talks/Pods-janet.talks.debug.xcconfig"; sourceTree = "<group>"; };
		D190B9207B1BC38C3C22ACDB /* Pods-janet.talks-janet.talksTests.release.xcconfig */ = {isa = PBXFileReference; includeInIndex = 1; lastKnownFileType = text.xcconfig; name = "Pods-janet.talks-janet.talksTests.release.xcconfig"; path = "Target Support Files/Pods-janet.talks-janet.talksTests/Pods-janet.talks-janet.talksTests.release.xcconfig"; sourceTree = "<group>"; };
/* End PBXFileReference section */

/* Begin PBXFrameworksBuildPhase section */
		175EE35D271D0CEC00C0AD02 /* Frameworks */ = {
			isa = PBXFrameworksBuildPhase;
			buildActionMask = 2147483647;
			files = (
				DC86C717CD372298DA55EBFD /* libPods-janet.talks-janet.talksTests.a in Frameworks */,
			);
			runOnlyForDeploymentPostprocessing = 0;
		};
		1760404B270A494300826315 /* Frameworks */ = {
			isa = PBXFrameworksBuildPhase;
			buildActionMask = 2147483647;
			files = (
				DE2C79F5CD7538DBF90FD13C /* libPods-janet.talks.a in Frameworks */,
			);
			runOnlyForDeploymentPostprocessing = 0;
		};
/* End PBXFrameworksBuildPhase section */

/* Begin PBXGroup section */
		174F1548272C714A00F20397 /* TagsAndPhotosCells */ = {
			isa = PBXGroup;
			children = (
				174F1549272C717900F20397 /* AskAQuestionTagsCollectionViewCell.swift */,
				174F154B272CA13900F20397 /* AskAQuestionAdditionalPhotoCollectionViewCell.swift */,
				174F154D272CC2E600F20397 /* AskAQuestionAdditionalPhotoSelectedPhotoCollectionViewCell.swift */,
			);
			path = TagsAndPhotosCells;
			sourceTree = "<group>";
		};
		1750C387272ED8AC00DD8E0A /* Preview Question Controllers */ = {
			isa = PBXGroup;
			children = (
				1750C388272EDA4800DD8E0A /* PreviewQuestionCollectionViewController.swift */,
			);
			path = "Preview Question Controllers";
			sourceTree = "<group>";
		};
		1750C38C272EDD9300DD8E0A /* PreviewQuestionViewModels */ = {
			isa = PBXGroup;
			children = (
				1750C390272EDF4B00DD8E0A /* PreviewQuestionTitleViewModel.swift */,
				1750C392272EE04200DD8E0A /* PreviewQuestionTagsViewModel.swift */,
				1750C394272EE07F00DD8E0A /* PreviewQuestionMetaViewModel.swift */,
				1750C396272EE0B200DD8E0A /* PreviewQuestionQuestionBodyViewModel.swift */,
				1750C398272EE0F300DD8E0A /* PreviewQuestionBackgroundViewModel.swift */,
				1750C39C272EE25C00DD8E0A /* PreviewQuestionPhotosViewModel.swift */,
				1750C39A272EE18500DD8E0A /* PreviewQuestionPosterInfoViewModel.swift */,
			);
			path = PreviewQuestionViewModels;
			sourceTree = "<group>";
		};
		1750C38F272EDF2200DD8E0A /* Preview Question Cells */ = {
			isa = PBXGroup;
			children = (
				1750C38D272EDDC500DD8E0A /* PreviewQuestionTitleCollectionViewCell.swift */,
				1750C39E272EE33200DD8E0A /* PreviewQuestionTagsCollectionViewCell.swift */,
				1750C3A0272EE37200DD8E0A /* PreviewQuestionMetaCollectionViewCell.swift */,
				1750C3A2272EE3A000DD8E0A /* PreviewQuestionQuesitonBodyCollectionViewCell.swift */,
				1750C3A4272EE3D000DD8E0A /* PreviewQuesitonBackgroundCollectionViewCell.swift */,
				1750C3A6272EE40200DD8E0A /* PreviewQuestionPhotosCollectionViewCell.swift */,
				1750C3A8272EE43400DD8E0A /* PreviewQuestionPosterInfoCollectionViewCell.swift */,
			);
			path = "Preview Question Cells";
			sourceTree = "<group>";
		};
		1751B82927203194002E060C /* HomeViewControllers */ = {
			isa = PBXGroup;
			children = (
				1751B82A272031D3002E060C /* GlobalFeedController.swift */,
			);
			path = HomeViewControllers;
			sourceTree = "<group>";
		};
		1753AC2F271F05AA00E49DD0 /* UsernamePickerController */ = {
			isa = PBXGroup;
			children = (
				1753AC30271F05C500E49DD0 /* UsernamePickerViewController.swift */,
			);
			path = UsernamePickerController;
			sourceTree = "<group>";
		};
		17550F39272645D000E5296A /* Ask Question */ = {
			isa = PBXGroup;
			children = (
				17550F3A2726460500E5296A /* ImageAndTitleTableViewCell.swift */,
				1755624027271BBB0043C52D /* QuestionTableViewCell.swift */,
				1755624227271C280043C52D /* SituationOrBackgroundTableViewCell.swift */,
				1755624427271C4D0043C52D /* TagsAndImagesTableViewCell.swift */,
				174F1548272C714A00F20397 /* TagsAndPhotosCells */,
			);
			path = "Ask Question";
			sourceTree = "<group>";
		};
		175562352727174E0043C52D /* AskAQuestionTableViewCellViewModels */ = {
			isa = PBXGroup;
			children = (
				17556236272717780043C52D /* ImageAndTitleTableViewCellViewModel.swift */,
				1755623A272717EB0043C52D /* QuestionTableViewCellViewModel.swift */,
				1755623C272718770043C52D /* SituationOrBackgroundTableViewCellViewModel.swift */,
				1755623E2727189B0043C52D /* TagsAndImagesTableViewCellViewModel.swift */,
			);
			path = AskAQuestionTableViewCellViewModels;
			sourceTree = "<group>";
		};
		175EE33C271CB12F00C0AD02 /* HomeControllers */ = {
			isa = PBXGroup;
			children = (
				175EE33D271CB15400C0AD02 /* SearchResultsViewController.swift */,
			);
			path = HomeControllers;
			sourceTree = "<group>";
		};
		175EE33F271CC22E00C0AD02 /* QuestionsAndChatsViewModels */ = {
			isa = PBXGroup;
			children = (
				176868E7270C92B400532476 /* PublicQuestionHomeFeedCellViewModel.swift */,
				176868E9270C92CD00532476 /* PrivateChatHomeFeedCellViewModel.swift */,
			);
			path = QuestionsAndChatsViewModels;
			sourceTree = "<group>";
		};
		175EE361271D0CEC00C0AD02 /* janet.talksTests */ = {
			isa = PBXGroup;
			children = (
				175EE362271D0CEC00C0AD02 /* janet_talksTests.swift */,
			);
			path = janet.talksTests;
			sourceTree = "<group>";
		};
		17604045270A494300826315 = {
			isa = PBXGroup;
			children = (
				17604050270A494300826315 /* janet.talks */,
				175EE361271D0CEC00C0AD02 /* janet.talksTests */,
				1760404F270A494300826315 /* Products */,
				C683440787C5203BD486CA13 /* Pods */,
				D6D25FBD2008C2A8697AB05D /* Frameworks */,
			);
			sourceTree = "<group>";
		};
		1760404F270A494300826315 /* Products */ = {
			isa = PBXGroup;
			children = (
				1760404E270A494300826315 /* janet.talks.app */,
				175EE360271D0CEC00C0AD02 /* janet.talksTests.xctest */,
			);
			name = Products;
			sourceTree = "<group>";
		};
		17604050270A494300826315 /* janet.talks */ = {
			isa = PBXGroup;
			children = (
				1760406B270A810300826315 /* Models */,
				1760406A270A80FC00826315 /* Views */,
				17604069270A80EA00826315 /* ViewModels */,
				17604068270A80DD00826315 /* Controllers */,
				1760406C270A812F00826315 /* Managers */,
				17604065270A58FA00826315 /* Resources */,
				1760405F270A494700826315 /* Info.plist */,
				175EE34C271CD79F00C0AD02 /* GoogleService-Info.plist */,
			);
			path = janet.talks;
			sourceTree = "<group>";
		};
		17604065270A58FA00826315 /* Resources */ = {
			isa = PBXGroup;
			children = (
				17604066270A591A00826315 /* Extensions.swift */,
				17604051270A494300826315 /* AppDelegate.swift */,
				17604053270A494300826315 /* SceneDelegate.swift */,
				1760405A270A494700826315 /* Assets.xcassets */,
			);
			path = Resources;
			sourceTree = "<group>";
		};
		17604068270A80DD00826315 /* Controllers */ = {
			isa = PBXGroup;
			children = (
				176868DB270C7A4100532476 /* Authentication */,
				176868CD270C75B500532476 /* Tab Bar Controllers */,
				175EE33C271CB12F00C0AD02 /* HomeControllers */,
				176756AF270DDCB8000BF8A6 /* HomeFeedTableViewControllers */,
				176868CE270C75F900532476 /* AskAQuestion ViewControllers */,
			);
			path = Controllers;
			sourceTree = "<group>";
		};
		17604069270A80EA00826315 /* ViewModels */ = {
			isa = PBXGroup;
			children = (
				1750C38C272EDD9300DD8E0A /* PreviewQuestionViewModels */,
				175562352727174E0043C52D /* AskAQuestionTableViewCellViewModels */,
				175EE33F271CC22E00C0AD02 /* QuestionsAndChatsViewModels */,
				176868E5270C926500532476 /* HomeFeedViewModels */,
			);
			path = ViewModels;
			sourceTree = "<group>";
		};
		1760406A270A80FC00826315 /* Views */ = {
			isa = PBXGroup;
			children = (
				1750C38F272EDF2200DD8E0A /* Preview Question Cells */,
				17550F39272645D000E5296A /* Ask Question */,
				176868DC270C8F2E00532476 /* Home */,
				176756B2270E3C67000BF8A6 /* My Questions */,
				176868CC270C758700532476 /* Storyboards */,
				176868B7270B442C00532476 /* Custom Objects */,
			);
			path = Views;
			sourceTree = "<group>";
		};
		1760406B270A810300826315 /* Models */ = {
			isa = PBXGroup;
			children = (
				175EE356271CF02F00C0AD02 /* User.swift */,
				175EE35A271CFCEE00C0AD02 /* AuthCredentials.swift */,
				176868F1270D0C8C00532476 /* PublicQuestion.swift */,
				1755624827276ACE0043C52D /* PublicQuestionToAdd.swift */,
				176868EF270D0C7E00532476 /* PrivateChatQuestion.swift */,
				1760406D270A8FD600826315 /* Const.swift */,
				175EE348271CC5E200C0AD02 /* PublicQuestionHomeFeedCellType.swift */,
				17556233272716EC0043C52D /* AddAQuestionCellType.swift */,
				175363E1272DA2020082509D /* Tags.swift */,
				1767265327309126009AC0EA /* Preview */,
				176868E0270C913600532476 /* HomeFeedModels */,
			);
			path = Models;
			sourceTree = "<group>";
		};
		1760406C270A812F00826315 /* Managers */ = {
			isa = PBXGroup;
			children = (
				176868D7270C768E00532476 /* AuthenticationManager.swift */,
				1750730527396E7400ADD9F0 /* PersistenceManager.swift */,
				176868D9270C769C00532476 /* DatabaseManager.swift */,
				176868D3270C766C00532476 /* StorageManager.swift */,
				176868D1270C765400532476 /* HomeFeedManager.swift */,
				176868CF270C763D00532476 /* ExploreManager.swift */,
				175EE358271CF3F400C0AD02 /* AnalyticsManager.swift */,
				176868D5270C767A00532476 /* HapticsManager.swift */,
				1753AC2D271EFEB400E49DD0 /* UserManager.swift */,
			);
			path = Managers;
			sourceTree = "<group>";
		};
		1767265327309126009AC0EA /* Preview */ = {
			isa = PBXGroup;
			children = (
				1750C38A272EDBD700DD8E0A /* PreviewQuestionCellType.swift */,
				176726542730921F009AC0EA /* PreviewSectionType.swift */,
				176726562730929F009AC0EA /* PreviewSection.swift */,
			);
			path = Preview;
			sourceTree = "<group>";
		};
		176756AF270DDCB8000BF8A6 /* HomeFeedTableViewControllers */ = {
			isa = PBXGroup;
			children = (
				176756B0270DDE58000BF8A6 /* PublicQuestionTableViewController.swift */,
			);
			path = HomeFeedTableViewControllers;
			sourceTree = "<group>";
		};
		176756B2270E3C67000BF8A6 /* My Questions */ = {
			isa = PBXGroup;
			children = (
				176756B3270E3C92000BF8A6 /* Cells */,
			);
			path = "My Questions";
			sourceTree = "<group>";
		};
		176756B3270E3C92000BF8A6 /* Cells */ = {
			isa = PBXGroup;
			children = (
				176868ED270CCECE00532476 /* MyQuestionsTableViewCell.swift */,
				176756AD270DCC6D000BF8A6 /* PrivateChatTableViewCell.swift */,
			);
			path = Cells;
			sourceTree = "<group>";
		};
		176868B7270B442C00532476 /* Custom Objects */ = {
			isa = PBXGroup;
			children = (
				175EE350271CDC0000C0AD02 /* AuthField.swift */,
				175EE352271CDC0C00C0AD02 /* AuthButton.swift */,
				176868B8270B444600532476 /* SystemIconButton.swift */,
				176868BA270B51B500532476 /* TextInputWithTitle.swift */,
				176868BC270B594900532476 /* PublicQuestionOrPrivateChat.swift */,
				1753AC32271F0D8300E49DD0 /* LogoImageView.swift */,
				175DC21C27217ECD00331FE7 /* MetaLabel.swift */,
			);
			path = "Custom Objects";
			sourceTree = "<group>";
		};
		176868CC270C758700532476 /* Storyboards */ = {
			isa = PBXGroup;
			children = (
				1760405C270A494700826315 /* LaunchScreen.storyboard */,
			);
			path = Storyboards;
			sourceTree = "<group>";
		};
		176868CD270C75B500532476 /* Tab Bar Controllers */ = {
			isa = PBXGroup;
			children = (
				176868CA270C695700532476 /* TabBarController.swift */,
				175EE33A271CA46900C0AD02 /* HomeViewController.swift */,
				1751B82927203194002E060C /* HomeViewControllers */,
				17604055270A494300826315 /* NotificationFeedTableViewController.swift */,
				176868C0270B8D3300532476 /* ExploreFeedViewController.swift */,
				176868C2270B8D7900532476 /* ProfileViewController.swift */,
			);
			path = "Tab Bar Controllers";
			sourceTree = "<group>";
		};
		176868CE270C75F900532476 /* AskAQuestion ViewControllers */ = {
			isa = PBXGroup;
			children = (
				176868B5270B2FE900532476 /* AskAQuestionViewController.swift */,
				1755624627272F150043C52D /* AskQuestionSetImageAndTitleViewController.swift */,
				175CB3A2272824F5001412CC /* AskQuestionCreateQuestionViewController.swift */,
				175CB3A427285826001412CC /* AskQuestionSituationOrBackgroundViewController.swift */,
				174E5E26272AED5900BD1760 /* AskQuestionTagsAndPhotosViewController.swift */,
				1750C387272ED8AC00DD8E0A /* Preview Question Controllers */,
			);
			path = "AskAQuestion ViewControllers";
			sourceTree = "<group>";
		};
		176868DB270C7A4100532476 /* Authentication */ = {
			isa = PBXGroup;
			children = (
				175EE34E271CDB5400C0AD02 /* SignInViewController.swift */,
				175EE354271CDD2A00C0AD02 /* SignUpViewController.swift */,
				1753AC2F271F05AA00E49DD0 /* UsernamePickerController */,
			);
			path = Authentication;
			sourceTree = "<group>";
		};
		176868DC270C8F2E00532476 /* Home */ = {
			isa = PBXGroup;
			children = (
				176868DD270C8F3700532476 /* Cells */,
			);
			path = Home;
			sourceTree = "<group>";
		};
		176868DD270C8F3700532476 /* Cells */ = {
			isa = PBXGroup;
			children = (
				175EE34A271CC69300C0AD02 /* TitleCollectionViewCell.swift */,
				175BF08D27206EC50054C5CB /* MetaCollectionViewCell.swift */,
				175BF08F27206F0E0054C5CB /* QuestionBodyCollectionViewCell.swift */,
				175BF09127206F280054C5CB /* PosterAndActionsCollectionViewCell.swift */,
				1754A4C5272363F300155EEC /* HeartSectionSeperatorCollectionViewCell.swift */,
				175EDB5827389D990055B985 /* TagButton.swift */,
			);
			path = Cells;
			sourceTree = "<group>";
		};
		176868E0270C913600532476 /* HomeFeedModels */ = {
			isa = PBXGroup;
			children = (
				176868E1270C915900532476 /* HomeFeedType.swift */,
				176868E3270C91EB00532476 /* HomeFeedCell.swift */,
			);
			path = HomeFeedModels;
			sourceTree = "<group>";
		};
		176868E5270C926500532476 /* HomeFeedViewModels */ = {
			isa = PBXGroup;
			children = (
				176868E6270C927D00532476 /* HomeFeedCellViewModels */,
			);
			path = HomeFeedViewModels;
			sourceTree = "<group>";
		};
		176868E6270C927D00532476 /* HomeFeedCellViewModels */ = {
			isa = PBXGroup;
			children = (
				175EE340271CC27800C0AD02 /* TitleCollectionViewCellViewModel.swift */,
				175EE342271CC31E00C0AD02 /* MetaCollectionViewCellViewModel.swift */,
				175EE344271CC36500C0AD02 /* PostCollectionViewCellViewModel.swift */,
				175EE346271CC3D200C0AD02 /* ActionsCollectionViewCellViewModel.swift */,
			);
			path = HomeFeedCellViewModels;
			sourceTree = "<group>";
		};
		C683440787C5203BD486CA13 /* Pods */ = {
			isa = PBXGroup;
			children = (
				C4FF010DB11929A0BC1F04C8 /* Pods-janet.talks.debug.xcconfig */,
				0F97FE106B177C490622B9F8 /* Pods-janet.talks.release.xcconfig */,
				6CC03B735B340B7E8035CECF /* Pods-janet.talks-janet.talksTests.debug.xcconfig */,
				D190B9207B1BC38C3C22ACDB /* Pods-janet.talks-janet.talksTests.release.xcconfig */,
			);
			path = Pods;
			sourceTree = "<group>";
		};
		D6D25FBD2008C2A8697AB05D /* Frameworks */ = {
			isa = PBXGroup;
			children = (
				75B937D5313715664D1C79BE /* libPods-janet.talks.a */,
				B5B207B7C46F1A9038349752 /* libPods-janet.talks-janet.talksTests.a */,
			);
			name = Frameworks;
			sourceTree = "<group>";
		};
/* End PBXGroup section */

/* Begin PBXNativeTarget section */
		175EE35F271D0CEC00C0AD02 /* janet.talksTests */ = {
			isa = PBXNativeTarget;
			buildConfigurationList = 175EE366271D0CEC00C0AD02 /* Build configuration list for PBXNativeTarget "janet.talksTests" */;
			buildPhases = (
				898976F3318D90701D85CAE0 /* [CP] Check Pods Manifest.lock */,
				175EE35C271D0CEC00C0AD02 /* Sources */,
				175EE35D271D0CEC00C0AD02 /* Frameworks */,
				175EE35E271D0CEC00C0AD02 /* Resources */,
				BB4FB620A98B8C0DAACF2F82 /* [CP] Copy Pods Resources */,
			);
			buildRules = (
			);
			dependencies = (
				175EE365271D0CEC00C0AD02 /* PBXTargetDependency */,
			);
			name = janet.talksTests;
			productName = janet.talksTests;
			productReference = 175EE360271D0CEC00C0AD02 /* janet.talksTests.xctest */;
			productType = "com.apple.product-type.bundle.unit-test";
		};
		1760404D270A494300826315 /* janet.talks */ = {
			isa = PBXNativeTarget;
			buildConfigurationList = 17604062270A494700826315 /* Build configuration list for PBXNativeTarget "janet.talks" */;
			buildPhases = (
				0E465825C60F43A9E31FD3EE /* [CP] Check Pods Manifest.lock */,
				1760404A270A494300826315 /* Sources */,
				1760404B270A494300826315 /* Frameworks */,
				1760404C270A494300826315 /* Resources */,
				561B9E18B83F3C817852EBE8 /* [CP] Copy Pods Resources */,
			);
			buildRules = (
			);
			dependencies = (
			);
			name = janet.talks;
			productName = janet.talks;
			productReference = 1760404E270A494300826315 /* janet.talks.app */;
			productType = "com.apple.product-type.application";
		};
/* End PBXNativeTarget section */

/* Begin PBXProject section */
		17604046270A494300826315 /* Project object */ = {
			isa = PBXProject;
			attributes = {
				BuildIndependentTargetsInParallel = 1;
				LastSwiftUpdateCheck = 1300;
				LastUpgradeCheck = 1300;
				TargetAttributes = {
					175EE35F271D0CEC00C0AD02 = {
						CreatedOnToolsVersion = 13.0;
						TestTargetID = 1760404D270A494300826315;
					};
					1760404D270A494300826315 = {
						CreatedOnToolsVersion = 13.0;
					};
				};
			};
			buildConfigurationList = 17604049270A494300826315 /* Build configuration list for PBXProject "janet.talks" */;
			compatibilityVersion = "Xcode 13.0";
			developmentRegion = en;
			hasScannedForEncodings = 0;
			knownRegions = (
				en,
				Base,
			);
			mainGroup = 17604045270A494300826315;
			productRefGroup = 1760404F270A494300826315 /* Products */;
			projectDirPath = "";
			projectRoot = "";
			targets = (
				1760404D270A494300826315 /* janet.talks */,
				175EE35F271D0CEC00C0AD02 /* janet.talksTests */,
			);
		};
/* End PBXProject section */

/* Begin PBXResourcesBuildPhase section */
		175EE35E271D0CEC00C0AD02 /* Resources */ = {
			isa = PBXResourcesBuildPhase;
			buildActionMask = 2147483647;
			files = (
			);
			runOnlyForDeploymentPostprocessing = 0;
		};
		1760404C270A494300826315 /* Resources */ = {
			isa = PBXResourcesBuildPhase;
			buildActionMask = 2147483647;
			files = (
				1760405E270A494700826315 /* LaunchScreen.storyboard in Resources */,
				1760405B270A494700826315 /* Assets.xcassets in Resources */,
				175EE34D271CD79F00C0AD02 /* GoogleService-Info.plist in Resources */,
			);
			runOnlyForDeploymentPostprocessing = 0;
		};
/* End PBXResourcesBuildPhase section */

/* Begin PBXShellScriptBuildPhase section */
		0E465825C60F43A9E31FD3EE /* [CP] Check Pods Manifest.lock */ = {
			isa = PBXShellScriptBuildPhase;
			buildActionMask = 2147483647;
			files = (
			);
			inputFileListPaths = (
			);
			inputPaths = (
				"${PODS_PODFILE_DIR_PATH}/Podfile.lock",
				"${PODS_ROOT}/Manifest.lock",
			);
			name = "[CP] Check Pods Manifest.lock";
			outputFileListPaths = (
			);
			outputPaths = (
				"$(DERIVED_FILE_DIR)/Pods-janet.talks-checkManifestLockResult.txt",
			);
			runOnlyForDeploymentPostprocessing = 0;
			shellPath = /bin/sh;
			shellScript = "diff \"${PODS_PODFILE_DIR_PATH}/Podfile.lock\" \"${PODS_ROOT}/Manifest.lock\" > /dev/null\nif [ $? != 0 ] ; then\n    # print error to STDERR\n    echo \"error: The sandbox is not in sync with the Podfile.lock. Run 'pod install' or update your CocoaPods installation.\" >&2\n    exit 1\nfi\n# This output is used by Xcode 'outputs' to avoid re-running this script phase.\necho \"SUCCESS\" > \"${SCRIPT_OUTPUT_FILE_0}\"\n";
			showEnvVarsInLog = 0;
		};
		561B9E18B83F3C817852EBE8 /* [CP] Copy Pods Resources */ = {
			isa = PBXShellScriptBuildPhase;
			buildActionMask = 2147483647;
			files = (
			);
			inputFileListPaths = (
				"${PODS_ROOT}/Target Support Files/Pods-janet.talks/Pods-janet.talks-resources-${CONFIGURATION}-input-files.xcfilelist",
			);
			name = "[CP] Copy Pods Resources";
			outputFileListPaths = (
				"${PODS_ROOT}/Target Support Files/Pods-janet.talks/Pods-janet.talks-resources-${CONFIGURATION}-output-files.xcfilelist",
			);
			runOnlyForDeploymentPostprocessing = 0;
			shellPath = /bin/sh;
			shellScript = "\"${PODS_ROOT}/Target Support Files/Pods-janet.talks/Pods-janet.talks-resources.sh\"\n";
			showEnvVarsInLog = 0;
		};
		898976F3318D90701D85CAE0 /* [CP] Check Pods Manifest.lock */ = {
			isa = PBXShellScriptBuildPhase;
			buildActionMask = 2147483647;
			files = (
			);
			inputFileListPaths = (
			);
			inputPaths = (
				"${PODS_PODFILE_DIR_PATH}/Podfile.lock",
				"${PODS_ROOT}/Manifest.lock",
			);
			name = "[CP] Check Pods Manifest.lock";
			outputFileListPaths = (
			);
			outputPaths = (
				"$(DERIVED_FILE_DIR)/Pods-janet.talks-janet.talksTests-checkManifestLockResult.txt",
			);
			runOnlyForDeploymentPostprocessing = 0;
			shellPath = /bin/sh;
			shellScript = "diff \"${PODS_PODFILE_DIR_PATH}/Podfile.lock\" \"${PODS_ROOT}/Manifest.lock\" > /dev/null\nif [ $? != 0 ] ; then\n    # print error to STDERR\n    echo \"error: The sandbox is not in sync with the Podfile.lock. Run 'pod install' or update your CocoaPods installation.\" >&2\n    exit 1\nfi\n# This output is used by Xcode 'outputs' to avoid re-running this script phase.\necho \"SUCCESS\" > \"${SCRIPT_OUTPUT_FILE_0}\"\n";
			showEnvVarsInLog = 0;
		};
		BB4FB620A98B8C0DAACF2F82 /* [CP] Copy Pods Resources */ = {
			isa = PBXShellScriptBuildPhase;
			buildActionMask = 2147483647;
			files = (
			);
			inputFileListPaths = (
				"${PODS_ROOT}/Target Support Files/Pods-janet.talks-janet.talksTests/Pods-janet.talks-janet.talksTests-resources-${CONFIGURATION}-input-files.xcfilelist",
			);
			name = "[CP] Copy Pods Resources";
			outputFileListPaths = (
				"${PODS_ROOT}/Target Support Files/Pods-janet.talks-janet.talksTests/Pods-janet.talks-janet.talksTests-resources-${CONFIGURATION}-output-files.xcfilelist",
			);
			runOnlyForDeploymentPostprocessing = 0;
			shellPath = /bin/sh;
			shellScript = "\"${PODS_ROOT}/Target Support Files/Pods-janet.talks-janet.talksTests/Pods-janet.talks-janet.talksTests-resources.sh\"\n";
			showEnvVarsInLog = 0;
		};
/* End PBXShellScriptBuildPhase section */

/* Begin PBXSourcesBuildPhase section */
		175EE35C271D0CEC00C0AD02 /* Sources */ = {
			isa = PBXSourcesBuildPhase;
			buildActionMask = 2147483647;
			files = (
				175EE363271D0CEC00C0AD02 /* janet_talksTests.swift in Sources */,
			);
			runOnlyForDeploymentPostprocessing = 0;
		};
		1760404A270A494300826315 /* Sources */ = {
			isa = PBXSourcesBuildPhase;
			buildActionMask = 2147483647;
			files = (
				176868E8270C92B400532476 /* PublicQuestionHomeFeedCellViewModel.swift in Sources */,
				175BF09227206F280054C5CB /* PosterAndActionsCollectionViewCell.swift in Sources */,
				175363E2272DA2020082509D /* Tags.swift in Sources */,
				176868E2270C915900532476 /* HomeFeedType.swift in Sources */,
				176726552730921F009AC0EA /* PreviewSectionType.swift in Sources */,
				176868B6270B2FE900532476 /* AskAQuestionViewController.swift in Sources */,
				1755624327271C280043C52D /* SituationOrBackgroundTableViewCell.swift in Sources */,
				1750C3A7272EE40200DD8E0A /* PreviewQuestionPhotosCollectionViewCell.swift in Sources */,
				1755623F2727189B0043C52D /* TagsAndImagesTableViewCellViewModel.swift in Sources */,
				176726572730929F009AC0EA /* PreviewSection.swift in Sources */,
				175CB3A527285826001412CC /* AskQuestionSituationOrBackgroundViewController.swift in Sources */,
				17604056270A494300826315 /* NotificationFeedTableViewController.swift in Sources */,
				175EE343271CC31E00C0AD02 /* MetaCollectionViewCellViewModel.swift in Sources */,
				1750C395272EE07F00DD8E0A /* PreviewQuestionMetaViewModel.swift in Sources */,
				176868D2270C765400532476 /* HomeFeedManager.swift in Sources */,
				1750C3A5272EE3D000DD8E0A /* PreviewQuesitonBackgroundCollectionViewCell.swift in Sources */,
				1750C39B272EE18500DD8E0A /* PreviewQuestionPosterInfoViewModel.swift in Sources */,
				176868C1270B8D3300532476 /* ExploreFeedViewController.swift in Sources */,
				174E5E27272AED5900BD1760 /* AskQuestionTagsAndPhotosViewController.swift in Sources */,
				175EE353271CDC0C00C0AD02 /* AuthButton.swift in Sources */,
				174F154A272C717900F20397 /* AskAQuestionTagsCollectionViewCell.swift in Sources */,
				1750C3A3272EE3A000DD8E0A /* PreviewQuestionQuesitonBodyCollectionViewCell.swift in Sources */,
				17550F3B2726460500E5296A /* ImageAndTitleTableViewCell.swift in Sources */,
				1755624727272F150043C52D /* AskQuestionSetImageAndTitleViewController.swift in Sources */,
				175EE34B271CC69300C0AD02 /* TitleCollectionViewCell.swift in Sources */,
				1755623B272717EB0043C52D /* QuestionTableViewCellViewModel.swift in Sources */,
				1750730627396E7400ADD9F0 /* PersistenceManager.swift in Sources */,
				1750C3A1272EE37200DD8E0A /* PreviewQuestionMetaCollectionViewCell.swift in Sources */,
				17604052270A494300826315 /* AppDelegate.swift in Sources */,
				1750C39F272EE33200DD8E0A /* PreviewQuestionTagsCollectionViewCell.swift in Sources */,
				176756AE270DCC6D000BF8A6 /* PrivateChatTableViewCell.swift in Sources */,
				1755624127271BBB0043C52D /* QuestionTableViewCell.swift in Sources */,
				176868F0270D0C7E00532476 /* PrivateChatQuestion.swift in Sources */,
				175BF09027206F0E0054C5CB /* QuestionBodyCollectionViewCell.swift in Sources */,
				1750C397272EE0B200DD8E0A /* PreviewQuestionQuestionBodyViewModel.swift in Sources */,
				1750C399272EE0F300DD8E0A /* PreviewQuestionBackgroundViewModel.swift in Sources */,
				1751B82B272031D3002E060C /* GlobalFeedController.swift in Sources */,
				17556234272716EC0043C52D /* AddAQuestionCellType.swift in Sources */,
				1750C38E272EDDC500DD8E0A /* PreviewQuestionTitleCollectionViewCell.swift in Sources */,
				17604054270A494300826315 /* SceneDelegate.swift in Sources */,
				175EE349271CC5E200C0AD02 /* PublicQuestionHomeFeedCellType.swift in Sources */,
				175EE341271CC27800C0AD02 /* TitleCollectionViewCellViewModel.swift in Sources */,
				174F154E272CC2E600F20397 /* AskAQuestionAdditionalPhotoSelectedPhotoCollectionViewCell.swift in Sources */,
				176868D6270C767A00532476 /* HapticsManager.swift in Sources */,
				175EE35B271CFCEE00C0AD02 /* AuthCredentials.swift in Sources */,
				175EE351271CDC0000C0AD02 /* AuthField.swift in Sources */,
				1750C389272EDA4800DD8E0A /* PreviewQuestionCollectionViewController.swift in Sources */,
				17604067270A591A00826315 /* Extensions.swift in Sources */,
				175DC21D27217ECD00331FE7 /* MetaLabel.swift in Sources */,
				176868DA270C769C00532476 /* DatabaseManager.swift in Sources */,
				176868BD270B594900532476 /* PublicQuestionOrPrivateChat.swift in Sources */,
				1760406E270A8FD600826315 /* Const.swift in Sources */,
				176868D8270C768E00532476 /* AuthenticationManager.swift in Sources */,
				1750C38B272EDBD700DD8E0A /* PreviewQuestionCellType.swift in Sources */,
				176868BB270B51B500532476 /* TextInputWithTitle.swift in Sources */,
				176868CB270C695700532476 /* TabBarController.swift in Sources */,
				175EE355271CDD2A00C0AD02 /* SignUpViewController.swift in Sources */,
				175EE359271CF3F400C0AD02 /* AnalyticsManager.swift in Sources */,
				176868E4270C91EB00532476 /* HomeFeedCell.swift in Sources */,
				175EE33B271CA46900C0AD02 /* HomeViewController.swift in Sources */,
				1753AC2E271EFEB400E49DD0 /* UserManager.swift in Sources */,
				17556237272717780043C52D /* ImageAndTitleTableViewCellViewModel.swift in Sources */,
				1753AC31271F05C500E49DD0 /* UsernamePickerViewController.swift in Sources */,
				175EE33E271CB15400C0AD02 /* SearchResultsViewController.swift in Sources */,
				1750C393272EE04200DD8E0A /* PreviewQuestionTagsViewModel.swift in Sources */,
				175EE357271CF02F00C0AD02 /* User.swift in Sources */,
				1753AC33271F0D8400E49DD0 /* LogoImageView.swift in Sources */,
				175EDB5927389D990055B985 /* TagButton.swift in Sources */,
				176868B9270B444600532476 /* SystemIconButton.swift in Sources */,
				176868D4270C766C00532476 /* StorageManager.swift in Sources */,
				175EE347271CC3D200C0AD02 /* ActionsCollectionViewCellViewModel.swift in Sources */,
				175EE345271CC36500C0AD02 /* PostCollectionViewCellViewModel.swift in Sources */,
				176868EE270CCECE00532476 /* MyQuestionsTableViewCell.swift in Sources */,
				175BF08E27206EC50054C5CB /* MetaCollectionViewCell.swift in Sources */,
				176756B1270DDE58000BF8A6 /* PublicQuestionTableViewController.swift in Sources */,
				1755624927276ACE0043C52D /* PublicQuestionToAdd.swift in Sources */,
				1755624527271C4D0043C52D /* TagsAndImagesTableViewCell.swift in Sources */,
				1750C39D272EE25C00DD8E0A /* PreviewQuestionPhotosViewModel.swift in Sources */,
				176868C3270B8D7900532476 /* ProfileViewController.swift in Sources */,
				1750C391272EDF4B00DD8E0A /* PreviewQuestionTitleViewModel.swift in Sources */,
				175EE34F271CDB5400C0AD02 /* SignInViewController.swift in Sources */,
				176868EA270C92CD00532476 /* PrivateChatHomeFeedCellViewModel.swift in Sources */,
				1755623D272718770043C52D /* SituationOrBackgroundTableViewCellViewModel.swift in Sources */,
				1754A4C6272363F300155EEC /* HeartSectionSeperatorCollectionViewCell.swift in Sources */,
				1750C3A9272EE43400DD8E0A /* PreviewQuestionPosterInfoCollectionViewCell.swift in Sources */,
				176868F2270D0C8C00532476 /* PublicQuestion.swift in Sources */,
				175CB3A3272824F5001412CC /* AskQuestionCreateQuestionViewController.swift in Sources */,
				174F154C272CA13900F20397 /* AskAQuestionAdditionalPhotoCollectionViewCell.swift in Sources */,
				176868D0270C763D00532476 /* ExploreManager.swift in Sources */,
			);
			runOnlyForDeploymentPostprocessing = 0;
		};
/* End PBXSourcesBuildPhase section */

/* Begin PBXTargetDependency section */
		175EE365271D0CEC00C0AD02 /* PBXTargetDependency */ = {
			isa = PBXTargetDependency;
			target = 1760404D270A494300826315 /* janet.talks */;
			targetProxy = 175EE364271D0CEC00C0AD02 /* PBXContainerItemProxy */;
		};
/* End PBXTargetDependency section */

/* Begin PBXVariantGroup section */
		1760405C270A494700826315 /* LaunchScreen.storyboard */ = {
			isa = PBXVariantGroup;
			children = (
				1760405D270A494700826315 /* Base */,
			);
			name = LaunchScreen.storyboard;
			sourceTree = "<group>";
		};
/* End PBXVariantGroup section */

/* Begin XCBuildConfiguration section */
		175EE367271D0CEC00C0AD02 /* Debug */ = {
			isa = XCBuildConfiguration;
			baseConfigurationReference = 6CC03B735B340B7E8035CECF /* Pods-janet.talks-janet.talksTests.debug.xcconfig */;
			buildSettings = {
				BUNDLE_LOADER = "$(TEST_HOST)";
				CODE_SIGN_STYLE = Automatic;
				CURRENT_PROJECT_VERSION = 1;
				DEVELOPMENT_TEAM = 8SZJ9T656N;
				GENERATE_INFOPLIST_FILE = YES;
				LD_RUNPATH_SEARCH_PATHS = (
					"$(inherited)",
					"@executable_path/Frameworks",
					"@loader_path/Frameworks",
				);
				MARKETING_VERSION = 1.0;
				PRODUCT_BUNDLE_IDENTIFIER = "ventures.darkwolf.janet-talksTests";
				PRODUCT_NAME = "$(TARGET_NAME)";
				SWIFT_EMIT_LOC_STRINGS = NO;
				SWIFT_VERSION = 5.0;
				TARGETED_DEVICE_FAMILY = "1,2";
				TEST_HOST = "$(BUILT_PRODUCTS_DIR)/janet.talks.app/janet.talks";
			};
			name = Debug;
		};
		175EE368271D0CEC00C0AD02 /* Release */ = {
			isa = XCBuildConfiguration;
			baseConfigurationReference = D190B9207B1BC38C3C22ACDB /* Pods-janet.talks-janet.talksTests.release.xcconfig */;
			buildSettings = {
				BUNDLE_LOADER = "$(TEST_HOST)";
				CODE_SIGN_STYLE = Automatic;
				CURRENT_PROJECT_VERSION = 1;
				DEVELOPMENT_TEAM = 8SZJ9T656N;
				GENERATE_INFOPLIST_FILE = YES;
				LD_RUNPATH_SEARCH_PATHS = (
					"$(inherited)",
					"@executable_path/Frameworks",
					"@loader_path/Frameworks",
				);
				MARKETING_VERSION = 1.0;
				PRODUCT_BUNDLE_IDENTIFIER = "ventures.darkwolf.janet-talksTests";
				PRODUCT_NAME = "$(TARGET_NAME)";
				SWIFT_EMIT_LOC_STRINGS = NO;
				SWIFT_VERSION = 5.0;
				TARGETED_DEVICE_FAMILY = "1,2";
				TEST_HOST = "$(BUILT_PRODUCTS_DIR)/janet.talks.app/janet.talks";
			};
			name = Release;
		};
		17604060270A494700826315 /* Debug */ = {
			isa = XCBuildConfiguration;
			buildSettings = {
				ALWAYS_SEARCH_USER_PATHS = NO;
				CLANG_ANALYZER_NONNULL = YES;
				CLANG_ANALYZER_NUMBER_OBJECT_CONVERSION = YES_AGGRESSIVE;
				CLANG_CXX_LANGUAGE_STANDARD = "gnu++17";
				CLANG_CXX_LIBRARY = "libc++";
				CLANG_ENABLE_MODULES = YES;
				CLANG_ENABLE_OBJC_ARC = YES;
				CLANG_ENABLE_OBJC_WEAK = YES;
				CLANG_WARN_BLOCK_CAPTURE_AUTORELEASING = YES;
				CLANG_WARN_BOOL_CONVERSION = YES;
				CLANG_WARN_COMMA = YES;
				CLANG_WARN_CONSTANT_CONVERSION = YES;
				CLANG_WARN_DEPRECATED_OBJC_IMPLEMENTATIONS = YES;
				CLANG_WARN_DIRECT_OBJC_ISA_USAGE = YES_ERROR;
				CLANG_WARN_DOCUMENTATION_COMMENTS = YES;
				CLANG_WARN_EMPTY_BODY = YES;
				CLANG_WARN_ENUM_CONVERSION = YES;
				CLANG_WARN_INFINITE_RECURSION = YES;
				CLANG_WARN_INT_CONVERSION = YES;
				CLANG_WARN_NON_LITERAL_NULL_CONVERSION = YES;
				CLANG_WARN_OBJC_IMPLICIT_RETAIN_SELF = YES;
				CLANG_WARN_OBJC_LITERAL_CONVERSION = YES;
				CLANG_WARN_OBJC_ROOT_CLASS = YES_ERROR;
				CLANG_WARN_QUOTED_INCLUDE_IN_FRAMEWORK_HEADER = YES;
				CLANG_WARN_RANGE_LOOP_ANALYSIS = YES;
				CLANG_WARN_STRICT_PROTOTYPES = YES;
				CLANG_WARN_SUSPICIOUS_MOVE = YES;
				CLANG_WARN_UNGUARDED_AVAILABILITY = YES_AGGRESSIVE;
				CLANG_WARN_UNREACHABLE_CODE = YES;
				CLANG_WARN__DUPLICATE_METHOD_MATCH = YES;
				COPY_PHASE_STRIP = NO;
				DEBUG_INFORMATION_FORMAT = dwarf;
				ENABLE_STRICT_OBJC_MSGSEND = YES;
				ENABLE_TESTABILITY = YES;
				GCC_C_LANGUAGE_STANDARD = gnu11;
				GCC_DYNAMIC_NO_PIC = NO;
				GCC_NO_COMMON_BLOCKS = YES;
				GCC_OPTIMIZATION_LEVEL = 0;
				GCC_PREPROCESSOR_DEFINITIONS = (
					"DEBUG=1",
					"$(inherited)",
				);
				GCC_WARN_64_TO_32_BIT_CONVERSION = YES;
				GCC_WARN_ABOUT_RETURN_TYPE = YES_ERROR;
				GCC_WARN_UNDECLARED_SELECTOR = YES;
				GCC_WARN_UNINITIALIZED_AUTOS = YES_AGGRESSIVE;
				GCC_WARN_UNUSED_FUNCTION = YES;
				GCC_WARN_UNUSED_VARIABLE = YES;
				IPHONEOS_DEPLOYMENT_TARGET = 15.0;
				MTL_ENABLE_DEBUG_INFO = INCLUDE_SOURCE;
				MTL_FAST_MATH = YES;
				ONLY_ACTIVE_ARCH = YES;
				SDKROOT = iphoneos;
				SWIFT_ACTIVE_COMPILATION_CONDITIONS = DEBUG;
				SWIFT_OPTIMIZATION_LEVEL = "-Onone";
			};
			name = Debug;
		};
		17604061270A494700826315 /* Release */ = {
			isa = XCBuildConfiguration;
			buildSettings = {
				ALWAYS_SEARCH_USER_PATHS = NO;
				CLANG_ANALYZER_NONNULL = YES;
				CLANG_ANALYZER_NUMBER_OBJECT_CONVERSION = YES_AGGRESSIVE;
				CLANG_CXX_LANGUAGE_STANDARD = "gnu++17";
				CLANG_CXX_LIBRARY = "libc++";
				CLANG_ENABLE_MODULES = YES;
				CLANG_ENABLE_OBJC_ARC = YES;
				CLANG_ENABLE_OBJC_WEAK = YES;
				CLANG_WARN_BLOCK_CAPTURE_AUTORELEASING = YES;
				CLANG_WARN_BOOL_CONVERSION = YES;
				CLANG_WARN_COMMA = YES;
				CLANG_WARN_CONSTANT_CONVERSION = YES;
				CLANG_WARN_DEPRECATED_OBJC_IMPLEMENTATIONS = YES;
				CLANG_WARN_DIRECT_OBJC_ISA_USAGE = YES_ERROR;
				CLANG_WARN_DOCUMENTATION_COMMENTS = YES;
				CLANG_WARN_EMPTY_BODY = YES;
				CLANG_WARN_ENUM_CONVERSION = YES;
				CLANG_WARN_INFINITE_RECURSION = YES;
				CLANG_WARN_INT_CONVERSION = YES;
				CLANG_WARN_NON_LITERAL_NULL_CONVERSION = YES;
				CLANG_WARN_OBJC_IMPLICIT_RETAIN_SELF = YES;
				CLANG_WARN_OBJC_LITERAL_CONVERSION = YES;
				CLANG_WARN_OBJC_ROOT_CLASS = YES_ERROR;
				CLANG_WARN_QUOTED_INCLUDE_IN_FRAMEWORK_HEADER = YES;
				CLANG_WARN_RANGE_LOOP_ANALYSIS = YES;
				CLANG_WARN_STRICT_PROTOTYPES = YES;
				CLANG_WARN_SUSPICIOUS_MOVE = YES;
				CLANG_WARN_UNGUARDED_AVAILABILITY = YES_AGGRESSIVE;
				CLANG_WARN_UNREACHABLE_CODE = YES;
				CLANG_WARN__DUPLICATE_METHOD_MATCH = YES;
				COPY_PHASE_STRIP = NO;
				DEBUG_INFORMATION_FORMAT = "dwarf-with-dsym";
				ENABLE_NS_ASSERTIONS = NO;
				ENABLE_STRICT_OBJC_MSGSEND = YES;
				GCC_C_LANGUAGE_STANDARD = gnu11;
				GCC_NO_COMMON_BLOCKS = YES;
				GCC_WARN_64_TO_32_BIT_CONVERSION = YES;
				GCC_WARN_ABOUT_RETURN_TYPE = YES_ERROR;
				GCC_WARN_UNDECLARED_SELECTOR = YES;
				GCC_WARN_UNINITIALIZED_AUTOS = YES_AGGRESSIVE;
				GCC_WARN_UNUSED_FUNCTION = YES;
				GCC_WARN_UNUSED_VARIABLE = YES;
				IPHONEOS_DEPLOYMENT_TARGET = 15.0;
				MTL_ENABLE_DEBUG_INFO = NO;
				MTL_FAST_MATH = YES;
				SDKROOT = iphoneos;
				SWIFT_COMPILATION_MODE = wholemodule;
				SWIFT_OPTIMIZATION_LEVEL = "-O";
				VALIDATE_PRODUCT = YES;
			};
			name = Release;
		};
		17604063270A494700826315 /* Debug */ = {
			isa = XCBuildConfiguration;
			baseConfigurationReference = C4FF010DB11929A0BC1F04C8 /* Pods-janet.talks.debug.xcconfig */;
			buildSettings = {
				ASSETCATALOG_COMPILER_APPICON_NAME = AppIcon;
				ASSETCATALOG_COMPILER_GLOBAL_ACCENT_COLOR_NAME = AccentColor;
				CODE_SIGN_STYLE = Automatic;
				CURRENT_PROJECT_VERSION = 1;
				DEVELOPMENT_TEAM = 8SZJ9T656N;
				GENERATE_INFOPLIST_FILE = YES;
				INFOPLIST_FILE = janet.talks/Info.plist;
				INFOPLIST_KEY_CFBundleDisplayName = relationship.talks;
				INFOPLIST_KEY_UIApplicationSupportsIndirectInputEvents = YES;
				INFOPLIST_KEY_UILaunchStoryboardName = LaunchScreen;
				INFOPLIST_KEY_UISupportedInterfaceOrientations = UIInterfaceOrientationPortrait;
				INFOPLIST_KEY_UISupportedInterfaceOrientations_iPad = "UIInterfaceOrientationPortrait UIInterfaceOrientationPortraitUpsideDown UIInterfaceOrientationLandscapeLeft UIInterfaceOrientationLandscapeRight";
				INFOPLIST_KEY_UISupportedInterfaceOrientations_iPhone = "UIInterfaceOrientationPortrait UIInterfaceOrientationLandscapeLeft UIInterfaceOrientationLandscapeRight";
				LD_RUNPATH_SEARCH_PATHS = (
					"$(inherited)",
					"@executable_path/Frameworks",
				);
				MARKETING_VERSION = 1.0;
				PRODUCT_BUNDLE_IDENTIFIER = "ventures.darkwolf.janet-talks";
				PRODUCT_NAME = "$(TARGET_NAME)";
				SWIFT_EMIT_LOC_STRINGS = YES;
				SWIFT_VERSION = 5.0;
				TARGETED_DEVICE_FAMILY = 1;
			};
			name = Debug;
		};
		17604064270A494700826315 /* Release */ = {
			isa = XCBuildConfiguration;
			baseConfigurationReference = 0F97FE106B177C490622B9F8 /* Pods-janet.talks.release.xcconfig */;
			buildSettings = {
				ASSETCATALOG_COMPILER_APPICON_NAME = AppIcon;
				ASSETCATALOG_COMPILER_GLOBAL_ACCENT_COLOR_NAME = AccentColor;
				CODE_SIGN_STYLE = Automatic;
				CURRENT_PROJECT_VERSION = 1;
				DEVELOPMENT_TEAM = 8SZJ9T656N;
				GENERATE_INFOPLIST_FILE = YES;
				INFOPLIST_FILE = janet.talks/Info.plist;
				INFOPLIST_KEY_CFBundleDisplayName = relationship.talks;
				INFOPLIST_KEY_UIApplicationSupportsIndirectInputEvents = YES;
				INFOPLIST_KEY_UILaunchStoryboardName = LaunchScreen;
				INFOPLIST_KEY_UISupportedInterfaceOrientations = UIInterfaceOrientationPortrait;
				INFOPLIST_KEY_UISupportedInterfaceOrientations_iPad = "UIInterfaceOrientationPortrait UIInterfaceOrientationPortraitUpsideDown UIInterfaceOrientationLandscapeLeft UIInterfaceOrientationLandscapeRight";
				INFOPLIST_KEY_UISupportedInterfaceOrientations_iPhone = "UIInterfaceOrientationPortrait UIInterfaceOrientationLandscapeLeft UIInterfaceOrientationLandscapeRight";
				LD_RUNPATH_SEARCH_PATHS = (
					"$(inherited)",
					"@executable_path/Frameworks",
				);
				MARKETING_VERSION = 1.0;
				PRODUCT_BUNDLE_IDENTIFIER = "ventures.darkwolf.janet-talks";
				PRODUCT_NAME = "$(TARGET_NAME)";
				SWIFT_EMIT_LOC_STRINGS = YES;
				SWIFT_VERSION = 5.0;
				TARGETED_DEVICE_FAMILY = 1;
			};
			name = Release;
		};
/* End XCBuildConfiguration section */

/* Begin XCConfigurationList section */
		175EE366271D0CEC00C0AD02 /* Build configuration list for PBXNativeTarget "janet.talksTests" */ = {
			isa = XCConfigurationList;
			buildConfigurations = (
				175EE367271D0CEC00C0AD02 /* Debug */,
				175EE368271D0CEC00C0AD02 /* Release */,
			);
			defaultConfigurationIsVisible = 0;
			defaultConfigurationName = Release;
		};
		17604049270A494300826315 /* Build configuration list for PBXProject "janet.talks" */ = {
			isa = XCConfigurationList;
			buildConfigurations = (
				17604060270A494700826315 /* Debug */,
				17604061270A494700826315 /* Release */,
			);
			defaultConfigurationIsVisible = 0;
			defaultConfigurationName = Release;
		};
		17604062270A494700826315 /* Build configuration list for PBXNativeTarget "janet.talks" */ = {
			isa = XCConfigurationList;
			buildConfigurations = (
				17604063270A494700826315 /* Debug */,
				17604064270A494700826315 /* Release */,
			);
			defaultConfigurationIsVisible = 0;
			defaultConfigurationName = Release;
		};
/* End XCConfigurationList section */
	};
	rootObject = 17604046270A494300826315 /* Project object */;
}
